
Microsoft Visual Studio Solution File, Format Version 12.00
# Visual Studio Version 17
VisualStudioVersion = 17.6.33723.286
MinimumVisualStudioVersion = 10.0.40219.1
Project("{FAE04EC0-301F-11D3-BF4B-00C04F79EFBC}") = "Gesture_Guerrero.Android", "Gesture_Guerrero\Gesture_Guerrero.Android\Gesture_Guerrero.Android.csproj", "{C7CE5CB0-36DE-4AA7-B771-47042B08E66A}"
EndProject
Project("{FAE04EC0-301F-11D3-BF4B-00C04F79EFBC}") = "Gesture_Guerrero.iOS", "Gesture_Guerrero\Gesture_Guerrero.iOS\Gesture_Guerrero.iOS.csproj", "{E90999AD-0DF4-4C36-A61D-98BA4F770838}"
EndProject
Project("{FAE04EC0-301F-11D3-BF4B-00C04F79EFBC}") = "Gesture_Guerrero", "Gesture_Guerrero\Gesture_Guerrero\Gesture_Guerrero.csproj", "{DBEB6FC6-DBFF-40B7-BD03-7BE50BF4DC94}"
EndProject
Global
	GlobalSection(SolutionConfigurationPlatforms) = preSolution
		Debug|Any CPU = Debug|Any CPU
		Debug|iPhone = Debug|iPhone
		Debug|iPhoneSimulator = Debug|iPhoneSimulator
		Release|Any CPU = Release|Any CPU
		Release|iPhone = Release|iPhone
		Release|iPhoneSimulator = Release|iPhoneSimulator
	EndGlobalSection
	GlobalSection(ProjectConfigurationPlatforms) = postSolution
		{C7CE5CB0-36DE-4AA7-B771-47042B08E66A}.Debug|Any CPU.ActiveCfg = Debug|Any CPU
		{C7CE5CB0-36DE-4AA7-B771-47042B08E66A}.Debug|Any CPU.Build.0 = Debug|Any CPU
		{C7CE5CB0-36DE-4AA7-B771-47042B08E66A}.Debug|Any CPU.Deploy.0 = Debug|Any CPU
		{C7CE5CB0-36DE-4AA7-B771-47042B08E66A}.Debug|iPhone.ActiveCfg = Debug|Any CPU
		{C7CE5CB0-36DE-4AA7-B771-47042B08E66A}.Debug|iPhone.Build.0 = Debug|Any CPU
		{C7CE5CB0-36DE-4AA7-B771-47042B08E66A}.Debug|iPhone.Deploy.0 = Debug|Any CPU
		{C7CE5CB0-36DE-4AA7-B771-47042B08E66A}.Debug|iPhoneSimulator.ActiveCfg = Debug|Any CPU
		{C7CE5CB0-36DE-4AA7-B771-47042B08E66A}.Debug|iPhoneSimulator.Build.0 = Debug|Any CPU
		{C7CE5CB0-36DE-4AA7-B771-47042B08E66A}.Debug|iPhoneSimulator.Deploy.0 = Debug|Any CPU
		{C7CE5CB0-36DE-4AA7-B771-47042B08E66A}.Release|Any CPU.ActiveCfg = Release|Any CPU
		{C7CE5CB0-36DE-4AA7-B771-47042B08E66A}.Release|Any CPU.Build.0 = Release|Any CPU
		{C7CE5CB0-36DE-4AA7-B771-47042B08E66A}.Release|Any CPU.Deploy.0 = Release|Any CPU
		{C7CE5CB0-36DE-4AA7-B771-47042B08E66A}.Release|iPhone.ActiveCfg = Release|Any CPU
		{C7CE5CB0-36DE-4AA7-B771-47042B08E66A}.Release|iPhone.Build.0 = Release|Any CPU
		{C7CE5CB0-36DE-4AA7-B771-47042B08E66A}.Release|iPhone.Deploy.0 = Release|Any CPU
		{C7CE5CB0-36DE-4AA7-B771-47042B08E66A}.Release|iPhoneSimulator.ActiveCfg = Release|Any CPU
		{C7CE5CB0-36DE-4AA7-B771-47042B08E66A}.Release|iPhoneSimulator.Build.0 = Release|Any CPU
		{C7CE5CB0-36DE-4AA7-B771-47042B08E66A}.Release|iPhoneSimulator.Deploy.0 = Release|Any CPU
		{E90999AD-0DF4-4C36-A61D-98BA4F770838}.Debug|Any CPU.ActiveCfg = Debug|iPhone
		{E90999AD-0DF4-4C36-A61D-98BA4F770838}.Debug|Any CPU.Build.0 = Debug|iPhone
		{E90999AD-0DF4-4C36-A61D-98BA4F770838}.Debug|Any CPU.Deploy.0 = Debug|iPhone
		{E90999AD-0DF4-4C36-A61D-98BA4F770838}.Debug|iPhone.ActiveCfg = Debug|iPhone
		{E90999AD-0DF4-4C36-A61D-98BA4F770838}.Debug|iPhone.Build.0 = Debug|iPhone
		{E90999AD-0DF4-4C36-A61D-98BA4F770838}.Debug|iPhone.Deploy.0 = Debug|iPhone
		{E90999AD-0DF4-4C36-A61D-98BA4F770838}.Debug|iPhoneSimulator.ActiveCfg = Debug|iPhoneSimulator
		{E90999AD-0DF4-4C36-A61D-98BA4F770838}.Debug|iPhoneSimulator.Build.0 = Debug|iPhoneSimulator
		{E90999AD-0DF4-4C36-A61D-98BA4F770838}.Debug|iPhoneSimulator.Deploy.0 = Debug|iPhoneSimulator
		{E90999AD-0DF4-4C36-A61D-98BA4F770838}.Release|Any CPU.ActiveCfg = Release|iPhoneSimulator
		{E90999AD-0DF4-4C36-A61D-98BA4F770838}.Release|Any CPU.Build.0 = Release|iPhoneSimulator
		{E90999AD-0DF4-4C36-A61D-98BA4F770838}.Release|Any CPU.Deploy.0 = Release|iPhoneSimulator
		{E90999AD-0DF4-4C36-A61D-98BA4F770838}.Release|iPhone.ActiveCfg = Release|iPhone
		{E90999AD-0DF4-4C36-A61D-98BA4F770838}.Release|iPhone.Build.0 = Release|iPhone
		{E90999AD-0DF4-4C36-A61D-98BA4F770838}.Release|iPhone.Deploy.0 = Release|iPhone
		{E90999AD-0DF4-4C36-A61D-98BA4F770838}.Release|iPhoneSimulator.ActiveCfg = Release|iPhoneSimulator
		{E90999AD-0DF4-4C36-A61D-98BA4F770838}.Release|iPhoneSimulator.Build.0 = Release|iPhoneSimulator
		{E90999AD-0DF4-4C36-A61D-98BA4F770838}.Release|iPhoneSimulator.Deploy.0 = Release|iPhoneSimulator
		{DBEB6FC6-DBFF-40B7-BD03-7BE50BF4DC94}.Debug|Any CPU.ActiveCfg = Debug|Any CPU
		{DBEB6FC6-DBFF-40B7-BD03-7BE50BF4DC94}.Debug|Any CPU.Build.0 = Debug|Any CPU
		{DBEB6FC6-DBFF-40B7-BD03-7BE50BF4DC94}.Debug|Any CPU.Deploy.0 = Debug|Any CPU
		{DBEB6FC6-DBFF-40B7-BD03-7BE50BF4DC94}.Debug|iPhone.ActiveCfg = Debug|Any CPU
		{DBEB6FC6-DBFF-40B7-BD03-7BE50BF4DC94}.Debug|iPhone.Build.0 = Debug|Any CPU
		{DBEB6FC6-DBFF-40B7-BD03-7BE50BF4DC94}.Debug|iPhone.Deploy.0 = Debug|Any CPU
		{DBEB6FC6-DBFF-40B7-BD03-7BE50BF4DC94}.Debug|iPhoneSimulator.ActiveCfg = Debug|Any CPU
		{DBEB6FC6-DBFF-40B7-BD03-7BE50BF4DC94}.Debug|iPhoneSimulator.Build.0 = Debug|Any CPU
		{DBEB6FC6-DBFF-40B7-BD03-7BE50BF4DC94}.Debug|iPhoneSimulator.Deploy.0 = Debug|Any CPU
		{DBEB6FC6-DBFF-40B7-BD03-7BE50BF4DC94}.Release|Any CPU.ActiveCfg = Release|Any CPU
		{DBEB6FC6-DBFF-40B7-BD03-7BE50BF4DC94}.Release|Any CPU.Build.0 = Release|Any CPU
		{DBEB6FC6-DBFF-40B7-BD03-7BE50BF4DC94}.Release|Any CPU.Deploy.0 = Release|Any CPU
		{DBEB6FC6-DBFF-40B7-BD03-7BE50BF4DC94}.Release|iPhone.ActiveCfg = Release|Any CPU
		{DBEB6FC6-DBFF-40B7-BD03-7BE50BF4DC94}.Release|iPhone.Build.0 = Release|Any CPU
		{DBEB6FC6-DBFF-40B7-BD03-7BE50BF4DC94}.Release|iPhone.Deploy.0 = Release|Any CPU
		{DBEB6FC6-DBFF-40B7-BD03-7BE50BF4DC94}.Release|iPhoneSimulator.ActiveCfg = Release|Any CPU
		{DBEB6FC6-DBFF-40B7-BD03-7BE50BF4DC94}.Release|iPhoneSimulator.Build.0 = Release|Any CPU
		{DBEB6FC6-DBFF-40B7-BD03-7BE50BF4DC94}.Release|iPhoneSimulator.Deploy.0 = Release|Any CPU
	EndGlobalSection
	GlobalSection(SolutionProperties) = preSolution
		HideSolutionNode = FALSE
	EndGlobalSection
	GlobalSection(ExtensibilityGlobals) = postSolution
		SolutionGuid = {34C25F85-3D50-4EB9-B596-E7F0F7E6F791}
	EndGlobalSection
EndGlobal
